
Microsoft Visual Studio Solution File, Format Version 11.00
# Visual Studio Version 17

Project("{8BC9CEB8-8B4A-11D0-8D11-00A0C91BC942}") = "ChartPreview - Standalone Plugin", "ChartPreview_StandalonePlugin.vcxproj", "{FF5A9B13-FE5B-CD51-6BA9-E35355656043}"
	ProjectSection(ProjectDependencies) = postProject
		{FFF54CD4-B199-A8DD-CA78-026CD34DE38A} = {FFF54CD4-B199-A8DD-CA78-026CD34DE38A}
	EndProjectSection
EndProject
Project("{8BC9CEB8-8B4A-11D0-8D11-00A0C91BC942}") = "ChartPreview - VST3", "ChartPreview_VST3.vcxproj", "{4F3F13BB-2870-D695-AEFA-5F2A85F640EC}"
	ProjectSection(ProjectDependencies) = postProject
		{FFF54CD4-B199-A8DD-CA78-026CD34DE38A} = {FFF54CD4-B199-A8DD-CA78-026CD34DE38A}
		{BC46754D-ED9E-7EBC-7CE5-EA9354CAACCB} = {BC46754D-ED9E-7EBC-7CE5-EA9354CAACCB}
	EndProjectSection
EndProject
Project("{8BC9CEB8-8B4A-11D0-8D11-00A0C91BC942}") = "ChartPreview - Shared Code", "ChartPreview_SharedCode.vcxproj", "{FFF54CD4-B199-A8DD-CA78-026CD34DE38A}"
EndProject
Project("{8BC9CEB8-8B4A-11D0-8D11-00A0C91BC942}") = "ChartPreview - VST3 Manifest Helper", "ChartPreview_VST3ManifestHelper.vcxproj", "{BC46754D-ED9E-7EBC-7CE5-EA9354CAACCB}"
EndProject
Global
	GlobalSection(SolutionConfigurationPlatforms) = preSolution
		Debug|x64 = Debug|x64
		Release|x64 = Release|x64
	EndGlobalSection
	GlobalSection(ProjectConfigurationPlatforms) = postSolution
		{4F3F13BB-2870-D695-AEFA-5F2A85F640EC}.Debug|x64.ActiveCfg = Debug|x64
		{4F3F13BB-2870-D695-AEFA-5F2A85F640EC}.Debug|x64.Build.0 = Debug|x64
		{4F3F13BB-2870-D695-AEFA-5F2A85F640EC}.Release|x64.ActiveCfg = Release|x64
		{4F3F13BB-2870-D695-AEFA-5F2A85F640EC}.Release|x64.Build.0 = Release|x64
		{FF5A9B13-FE5B-CD51-6BA9-E35355656043}.Debug|x64.ActiveCfg = Debug|x64
		{FF5A9B13-FE5B-CD51-6BA9-E35355656043}.Debug|x64.Build.0 = Debug|x64
		{FF5A9B13-FE5B-CD51-6BA9-E35355656043}.Release|x64.ActiveCfg = Release|x64
		{FF5A9B13-FE5B-CD51-6BA9-E35355656043}.Release|x64.Build.0 = Release|x64
		{FFF54CD4-B199-A8DD-CA78-026CD34DE38A}.Debug|x64.ActiveCfg = Debug|x64
		{FFF54CD4-B199-A8DD-CA78-026CD34DE38A}.Debug|x64.Build.0 = Debug|x64
		{FFF54CD4-B199-A8DD-CA78-026CD34DE38A}.Release|x64.ActiveCfg = Release|x64
		{FFF54CD4-B199-A8DD-CA78-026CD34DE38A}.Release|x64.Build.0 = Release|x64
		{BC46754D-ED9E-7EBC-7CE5-EA9354CAACCB}.Debug|x64.ActiveCfg = Debug|x64
		{BC46754D-ED9E-7EBC-7CE5-EA9354CAACCB}.Debug|x64.Build.0 = Debug|x64
		{BC46754D-ED9E-7EBC-7CE5-EA9354CAACCB}.Release|x64.ActiveCfg = Release|x64
		{BC46754D-ED9E-7EBC-7CE5-EA9354CAACCB}.Release|x64.Build.0 = Release|x64
	EndGlobalSection
	GlobalSection(SolutionProperties) = preSolution
		HideSolutionNode = FALSE
	EndGlobalSection
EndGlobal
